
Microsoft Visual Studio Solution File, Format Version 12.00
# Visual Studio 15
VisualStudioVersion = 15.0.26430.13
MinimumVisualStudioVersion = 10.0.40219.1
Project("{CC5FD16D-436D-48AD-A40C-5A424C6E3E79}") = "BeaconCloudBackend", "BeaconCloudBackend\BeaconCloudBackend.ccproj", "{7756D036-4672-438C-8F0C-FDA46524CAB1}"
EndProject
Project("{FAE04EC0-301F-11D3-BF4B-00C04F79EFBC}") = "BeaconWorker", "BeaconWorker\BeaconWorker.csproj", "{8F9C3D14-C1AE-45B0-869C-B8A1E4097B62}"
EndProject
Global
	GlobalSection(SolutionConfigurationPlatforms) = preSolution
		Debug|Any CPU = Debug|Any CPU
		Release|Any CPU = Release|Any CPU
	EndGlobalSection
	GlobalSection(ProjectConfigurationPlatforms) = postSolution
		{7756D036-4672-438C-8F0C-FDA46524CAB1}.Debug|Any CPU.ActiveCfg = Debug|Any CPU
		{7756D036-4672-438C-8F0C-FDA46524CAB1}.Debug|Any CPU.Build.0 = Debug|Any CPU
		{7756D036-4672-438C-8F0C-FDA46524CAB1}.Release|Any CPU.ActiveCfg = Release|Any CPU
		{7756D036-4672-438C-8F0C-FDA46524CAB1}.Release|Any CPU.Build.0 = Release|Any CPU
		{8F9C3D14-C1AE-45B0-869C-B8A1E4097B62}.Debug|Any CPU.ActiveCfg = Debug|Any CPU
		{8F9C3D14-C1AE-45B0-869C-B8A1E4097B62}.Debug|Any CPU.Build.0 = Debug|Any CPU
		{8F9C3D14-C1AE-45B0-869C-B8A1E4097B62}.Release|Any CPU.ActiveCfg = Release|Any CPU
		{8F9C3D14-C1AE-45B0-869C-B8A1E4097B62}.Release|Any CPU.Build.0 = Release|Any CPU
	EndGlobalSection
	GlobalSection(SolutionProperties) = preSolution
		HideSolutionNode = FALSE
	EndGlobalSection
EndGlobal
